
Microsoft Visual Studio Solution File, Format Version 11.00
# Visual Studio 2010
Project("{8BC9CEB8-8B4A-11D0-8D11-00A0C91BC942}") = "CPPTest", "CPPTest\CPPTest.vcxproj", "{D4CD4D33-D488-4177-9D07-2AF8BC8E30EB}"
EndProject
Project("{8BC9CEB8-8B4A-11D0-8D11-00A0C91BC942}") = "XREX", "XREX\XREX.vcxproj", "{8E739528-C72B-4BC7-A60A-B9AA79EE13E8}"
EndProject
Project("{2150E333-8FDC-42A3-9474-1A3956D46DE8}") = "Solution Items", "Solution Items", "{AB8F59AA-9D34-49CC-B25B-3FEB0B32FFA6}"
EndProject
Global
	GlobalSection(SolutionConfigurationPlatforms) = preSolution
		Debug|Win32 = Debug|Win32
		Release|Win32 = Release|Win32
	EndGlobalSection
	GlobalSection(ProjectConfigurationPlatforms) = postSolution
		{D4CD4D33-D488-4177-9D07-2AF8BC8E30EB}.Debug|Win32.ActiveCfg = Debug|Win32
		{D4CD4D33-D488-4177-9D07-2AF8BC8E30EB}.Debug|Win32.Build.0 = Debug|Win32
		{D4CD4D33-D488-4177-9D07-2AF8BC8E30EB}.Release|Win32.ActiveCfg = Release|Win32
		{D4CD4D33-D488-4177-9D07-2AF8BC8E30EB}.Release|Win32.Build.0 = Release|Win32
		{8E739528-C72B-4BC7-A60A-B9AA79EE13E8}.Debug|Win32.ActiveCfg = Debug|Win32
		{8E739528-C72B-4BC7-A60A-B9AA79EE13E8}.Debug|Win32.Build.0 = Debug|Win32
		{8E739528-C72B-4BC7-A60A-B9AA79EE13E8}.Release|Win32.ActiveCfg = Release|Win32
		{8E739528-C72B-4BC7-A60A-B9AA79EE13E8}.Release|Win32.Build.0 = Release|Win32
	EndGlobalSection
	GlobalSection(SolutionProperties) = preSolution
		HideSolutionNode = FALSE
	EndGlobalSection
EndGlobal
