
Microsoft Visual Studio Solution File, Format Version 12.00
# Visual Studio 2012
Project("{8BC9CEB8-8B4A-11D0-8D11-00A0C91BC942}") = "XREX", "XREX\XREX.vcxproj", "{A6418138-949C-4E1A-AD48-36B5BAC8CCAE}"
EndProject
Project("{8BC9CEB8-8B4A-11D0-8D11-00A0C91BC942}") = "XREXTest", "XREXTest\XREXTest.vcxproj", "{EE954CC3-2258-4AD7-9EF6-3491D023E24C}"
EndProject
Project("{2150E333-8FDC-42A3-9474-1A3956D46DE8}") = "Solution Items", "Solution Items", "{8DBC71BB-9530-48EC-8924-2A4ACC8B7D74}"
	ProjectSection(SolutionItems) = preProject
		TempNote.txt = TempNote.txt
	EndProjectSection
EndProject
Project("{8BC9CEB8-8B4A-11D0-8D11-00A0C91BC942}") = "Voxelization", "Voxelization\Voxelization.vcxproj", "{D8AC2A74-F164-4C49-A533-C0E75220BF52}"
	ProjectSection(ProjectDependencies) = postProject
		{A6418138-949C-4E1A-AD48-36B5BAC8CCAE} = {A6418138-949C-4E1A-AD48-36B5BAC8CCAE}
	EndProjectSection
EndProject
Global
	GlobalSection(SolutionConfigurationPlatforms) = preSolution
		Debug|Win32 = Debug|Win32
		Debug-Static|Win32 = Debug-Static|Win32
		Release|Win32 = Release|Win32
		Release-Static|Win32 = Release-Static|Win32
	EndGlobalSection
	GlobalSection(ProjectConfigurationPlatforms) = postSolution
		{A6418138-949C-4E1A-AD48-36B5BAC8CCAE}.Debug|Win32.ActiveCfg = Debug|Win32
		{A6418138-949C-4E1A-AD48-36B5BAC8CCAE}.Debug|Win32.Build.0 = Debug|Win32
		{A6418138-949C-4E1A-AD48-36B5BAC8CCAE}.Debug-Static|Win32.ActiveCfg = Debug-Static|Win32
		{A6418138-949C-4E1A-AD48-36B5BAC8CCAE}.Debug-Static|Win32.Build.0 = Debug-Static|Win32
		{A6418138-949C-4E1A-AD48-36B5BAC8CCAE}.Release|Win32.ActiveCfg = Release|Win32
		{A6418138-949C-4E1A-AD48-36B5BAC8CCAE}.Release|Win32.Build.0 = Release|Win32
		{A6418138-949C-4E1A-AD48-36B5BAC8CCAE}.Release-Static|Win32.ActiveCfg = Release-Static|Win32
		{A6418138-949C-4E1A-AD48-36B5BAC8CCAE}.Release-Static|Win32.Build.0 = Release-Static|Win32
		{EE954CC3-2258-4AD7-9EF6-3491D023E24C}.Debug|Win32.ActiveCfg = Debug|Win32
		{EE954CC3-2258-4AD7-9EF6-3491D023E24C}.Debug|Win32.Build.0 = Debug|Win32
		{EE954CC3-2258-4AD7-9EF6-3491D023E24C}.Debug-Static|Win32.ActiveCfg = Debug-Static|Win32
		{EE954CC3-2258-4AD7-9EF6-3491D023E24C}.Debug-Static|Win32.Build.0 = Debug-Static|Win32
		{EE954CC3-2258-4AD7-9EF6-3491D023E24C}.Release|Win32.ActiveCfg = Release|Win32
		{EE954CC3-2258-4AD7-9EF6-3491D023E24C}.Release|Win32.Build.0 = Release|Win32
		{EE954CC3-2258-4AD7-9EF6-3491D023E24C}.Release-Static|Win32.ActiveCfg = Release-Static|Win32
		{EE954CC3-2258-4AD7-9EF6-3491D023E24C}.Release-Static|Win32.Build.0 = Release-Static|Win32
		{D8AC2A74-F164-4C49-A533-C0E75220BF52}.Debug|Win32.ActiveCfg = Debug|Win32
		{D8AC2A74-F164-4C49-A533-C0E75220BF52}.Debug|Win32.Build.0 = Debug|Win32
		{D8AC2A74-F164-4C49-A533-C0E75220BF52}.Debug-Static|Win32.ActiveCfg = Debug|Win32
		{D8AC2A74-F164-4C49-A533-C0E75220BF52}.Debug-Static|Win32.Build.0 = Debug|Win32
		{D8AC2A74-F164-4C49-A533-C0E75220BF52}.Release|Win32.ActiveCfg = Release|Win32
		{D8AC2A74-F164-4C49-A533-C0E75220BF52}.Release|Win32.Build.0 = Release|Win32
		{D8AC2A74-F164-4C49-A533-C0E75220BF52}.Release-Static|Win32.ActiveCfg = Release|Win32
		{D8AC2A74-F164-4C49-A533-C0E75220BF52}.Release-Static|Win32.Build.0 = Release|Win32
	EndGlobalSection
	GlobalSection(SolutionProperties) = preSolution
		HideSolutionNode = FALSE
	EndGlobalSection
EndGlobal
