<?xml version="1.0" encoding="utf-8"?>
<Project ToolsVersion="4.0" xmlns="http://schemas.microsoft.com/developer/msbuild/2003">
  <ItemGroup>
    <Filter Include="Resource Files">
      <UniqueIdentifier>{67DA6AB6-F800-4c08-8B7A-83BB121AAD01}</UniqueIdentifier>
      <Extensions>rc;ico;cur;bmp;dlg;rc2;rct;bin;rgs;gif;jpg;jpeg;jpe;resx;tiff;tif;png;wav;mfcribbon-ms</Extensions>
    </Filter>
    <Filter Include="Base">
      <UniqueIdentifier>{a250f246-38d3-4948-83d2-dabd37bcc79f}</UniqueIdentifier>
      <Extensions>h;hpp;hxx;hm;inl;inc;xsd;cpp;c;cc;cxx;def;odl;idl;hpj;bat;asm;asmx</Extensions>
    </Filter>
    <Filter Include="Rendering">
      <UniqueIdentifier>{b37c57b4-8bf8-4192-9777-1e9fe818bce5}</UniqueIdentifier>
      <Extensions>h;hpp;hxx;hm;inl;inc;xsd;cpp;c;cc;cxx;def;odl;idl;hpj;bat;asm;asmx</Extensions>
    </Filter>
    <Filter Include="Input">
      <UniqueIdentifier>{8fdd5934-4af6-40d3-9de6-bd583e9a9577}</UniqueIdentifier>
      <Extensions>h;hpp;hxx;hm;inl;inc;xsd;cpp;c;cc;cxx;def;odl;idl;hpj;bat;asm;asmx</Extensions>
    </Filter>
    <Filter Include="HelperFacility">
      <UniqueIdentifier>{996b379c-8037-4f25-8a5f-6454f4427f19}</UniqueIdentifier>
    </Filter>
    <Filter Include="Resource">
      <UniqueIdentifier>{2652a297-a04c-4862-9b7c-f1792e4512d3}</UniqueIdentifier>
      <Extensions>h;hpp;hxx;hm;inl;inc;xsd;cpp;c;cc;cxx;def;odl;idl;hpj;bat;asm;asmx</Extensions>
    </Filter>
    <Filter Include="EffectFiles">
      <UniqueIdentifier>{f0bac215-49a8-4267-aa4a-2e0d94d415ec}</UniqueIdentifier>
    </Filter>
    <Filter Include="Scene">
      <UniqueIdentifier>{b29cc3f2-5f2f-4f43-80b1-0f9987e39b6b}</UniqueIdentifier>
      <Extensions>h;hpp;hxx;hm;inl;inc;xsd;cpp;c;cc;cxx;def;odl;idl;hpj;bat;asm;asmx</Extensions>
    </Filter>
    <Filter Include="Rendering\GL">
      <UniqueIdentifier>{f1920aef-8ace-41d1-a5df-de73ff13738a}</UniqueIdentifier>
      <Extensions>h;hpp;hxx;hm;inl;inc;xsd;cpp;c;cc;cxx;def;odl;idl;hpj;bat;asm;asmx</Extensions>
    </Filter>
    <Filter Include="_">
      <UniqueIdentifier>{02c1e628-ab7b-47f6-9a1d-7d4f27bfc9ae}</UniqueIdentifier>
      <Extensions>h;hpp;hxx;hm;inl;inc;xsd;cpp;c;cc;cxx;def;odl;idl;hpj;bat;asm;asmx</Extensions>
    </Filter>
  </ItemGroup>
  <ItemGroup>
    <ClInclude Include="Base\Logger.hpp">
      <Filter>Base</Filter>
    </ClInclude>
    <ClInclude Include="Base\Math.hpp">
      <Filter>Base</Filter>
    </ClInclude>
    <ClInclude Include="Base\MathHelper.hpp">
      <Filter>Base</Filter>
    </ClInclude>
    <ClInclude Include="Base\Matrix.hpp">
      <Filter>Base</Filter>
    </ClInclude>
    <ClInclude Include="Base\Quaternion.hpp">
      <Filter>Base</Filter>
    </ClInclude>
    <ClInclude Include="Base\Settings.hpp">
      <Filter>Base</Filter>
    </ClInclude>
    <ClInclude Include="Base\Timer.hpp">
      <Filter>Base</Filter>
    </ClInclude>
    <ClInclude Include="Base\Util.hpp">
      <Filter>Base</Filter>
    </ClInclude>
    <ClInclude Include="Base\Vector.hpp">
      <Filter>Base</Filter>
    </ClInclude>
    <ClInclude Include="Base\Window.hpp">
      <Filter>Base</Filter>
    </ClInclude>
    <ClInclude Include="Base\XREXContext.hpp">
      <Filter>Base</Filter>
    </ClInclude>
    <ClInclude Include="Base\BasicType.hpp">
      <Filter>Base</Filter>
    </ClInclude>
    <ClInclude Include="Base\Color.hpp">
      <Filter>Base</Filter>
    </ClInclude>
    <ClInclude Include="Base\GeometricalMath.hpp">
      <Filter>Base</Filter>
    </ClInclude>
    <ClInclude Include="Base\Geometry.hpp">
      <Filter>Base</Filter>
    </ClInclude>
    <ClInclude Include="HelperFacility\DefaultRenderingProcess.hpp">
      <Filter>HelperFacility</Filter>
    </ClInclude>
    <ClInclude Include="HelperFacility\FirstPersonCameraController.hpp">
      <Filter>HelperFacility</Filter>
    </ClInclude>
    <ClInclude Include="HelperFacility\FreeRoamCameraController.hpp">
      <Filter>HelperFacility</Filter>
    </ClInclude>
    <ClInclude Include="HelperFacility\NaiveManagedScene.hpp">
      <Filter>HelperFacility</Filter>
    </ClInclude>
    <ClInclude Include="HelperFacility\OrbitCameraController.hpp">
      <Filter>HelperFacility</Filter>
    </ClInclude>
    <ClInclude Include="Resource\LoadingResult.hpp">
      <Filter>Resource</Filter>
    </ClInclude>
    <ClInclude Include="Resource\LocalResourceLoader.hpp">
      <Filter>Resource</Filter>
    </ClInclude>
    <ClInclude Include="Resource\MeshLoader.hpp">
      <Filter>Resource</Filter>
    </ClInclude>
    <ClInclude Include="Resource\ResourceManager.hpp">
      <Filter>Resource</Filter>
    </ClInclude>
    <ClInclude Include="Resource\TextureLoader.hpp">
      <Filter>Resource</Filter>
    </ClInclude>
    <ClInclude Include="Scene\Component.hpp">
      <Filter>Scene</Filter>
    </ClInclude>
    <ClInclude Include="Scene\Scene.hpp">
      <Filter>Scene</Filter>
    </ClInclude>
    <ClInclude Include="Scene\SceneObject.hpp">
      <Filter>Scene</Filter>
    </ClInclude>
    <ClInclude Include="Scene\Transformation.hpp">
      <Filter>Scene</Filter>
    </ClInclude>
    <ClInclude Include="Rendering\BufferView.hpp">
      <Filter>Rendering</Filter>
    </ClInclude>
    <ClInclude Include="Rendering\Camera.hpp">
      <Filter>Rendering</Filter>
    </ClInclude>
    <ClInclude Include="Rendering\DefinedShaderName.hpp">
      <Filter>Rendering</Filter>
    </ClInclude>
    <ClInclude Include="Rendering\GraphicsBuffer.hpp">
      <Filter>Rendering</Filter>
    </ClInclude>
    <ClInclude Include="Rendering\GraphicsContext.hpp">
      <Filter>Rendering</Filter>
    </ClInclude>
    <ClInclude Include="Rendering\Material.hpp">
      <Filter>Rendering</Filter>
    </ClInclude>
    <ClInclude Include="Rendering\Mesh.hpp">
      <Filter>Rendering</Filter>
    </ClInclude>
    <ClInclude Include="Rendering\Renderable.hpp">
      <Filter>Rendering</Filter>
    </ClInclude>
    <ClInclude Include="Rendering\RenderingEngine.hpp">
      <Filter>Rendering</Filter>
    </ClInclude>
    <ClInclude Include="Rendering\RenderingFactory.hpp">
      <Filter>Rendering</Filter>
    </ClInclude>
    <ClInclude Include="Rendering\RenderingLayout.hpp">
      <Filter>Rendering</Filter>
    </ClInclude>
    <ClInclude Include="Rendering\RenderingPipelineState.hpp">
      <Filter>Rendering</Filter>
    </ClInclude>
    <ClInclude Include="Rendering\RenderingProcess.hpp">
      <Filter>Rendering</Filter>
    </ClInclude>
    <ClInclude Include="Rendering\Sampler.hpp">
      <Filter>Rendering</Filter>
    </ClInclude>
    <ClInclude Include="Rendering\Texture.hpp">
      <Filter>Rendering</Filter>
    </ClInclude>
    <ClInclude Include="Rendering\TextureImage.hpp">
      <Filter>Rendering</Filter>
    </ClInclude>
    <ClInclude Include="Rendering\Viewport.hpp">
      <Filter>Rendering</Filter>
    </ClInclude>
    <ClInclude Include="XREX.hpp">
      <Filter>_</Filter>
    </ClInclude>
    <ClInclude Include="XREXAll.hpp">
      <Filter>_</Filter>
    </ClInclude>
    <ClInclude Include="Declare.hpp">
      <Filter>_</Filter>
    </ClInclude>
    <ClInclude Include="Input\InputCenter.hpp">
      <Filter>Input</Filter>
    </ClInclude>
    <ClInclude Include="Input\InputHandler.hpp">
      <Filter>Input</Filter>
    </ClInclude>
    <ClInclude Include="Rendering\GL\GLUtil.hpp">
      <Filter>Rendering\GL</Filter>
    </ClInclude>
    <ClInclude Include="Rendering\WorkLauncher.hpp">
      <Filter>Rendering</Filter>
    </ClInclude>
    <ClInclude Include="Rendering\FrameBuffer.hpp">
      <Filter>Rendering</Filter>
    </ClInclude>
    <ClInclude Include="Rendering\RenderingTechnique.hpp">
      <Filter>Rendering</Filter>
    </ClInclude>
    <ClInclude Include="Rendering\ShaderProgram.hpp">
      <Filter>Rendering</Filter>
    </ClInclude>
    <ClInclude Include="Rendering\ProgramConnector.hpp">
      <Filter>Rendering</Filter>
    </ClInclude>
    <ClInclude Include="Rendering\TechniqueBuilder.hpp">
      <Filter>Rendering</Filter>
    </ClInclude>
    <ClInclude Include="Rendering\SystemTechnique.hpp">
      <Filter>Rendering</Filter>
    </ClInclude>
    <ClInclude Include="Rendering\ShaderProgramInterface.hpp">
      <Filter>Rendering</Filter>
    </ClInclude>
  </ItemGroup>
  <ItemGroup>
    <ClCompile Include="Base\Math.cpp">
      <Filter>Base</Filter>
    </ClCompile>
    <ClCompile Include="Base\Settings.cpp">
      <Filter>Base</Filter>
    </ClCompile>
    <ClCompile Include="Base\Timer.cpp">
      <Filter>Base</Filter>
    </ClCompile>
    <ClCompile Include="Base\Util.cpp">
      <Filter>Base</Filter>
    </ClCompile>
    <ClCompile Include="Base\Window.cpp">
      <Filter>Base</Filter>
    </ClCompile>
    <ClCompile Include="Base\XREXContext.cpp">
      <Filter>Base</Filter>
    </ClCompile>
    <ClCompile Include="Base\Color.cpp">
      <Filter>Base</Filter>
    </ClCompile>
    <ClCompile Include="Base\DLLMain.cpp">
      <Filter>Base</Filter>
    </ClCompile>
    <ClCompile Include="Base\GeometricalMath.cpp">
      <Filter>Base</Filter>
    </ClCompile>
    <ClCompile Include="Base\Logger.cpp">
      <Filter>Base</Filter>
    </ClCompile>
    <ClCompile Include="HelperFacility\FirstPersonCameraController.cpp">
      <Filter>HelperFacility</Filter>
    </ClCompile>
    <ClCompile Include="HelperFacility\FreeRoamCameraController.cpp">
      <Filter>HelperFacility</Filter>
    </ClCompile>
    <ClCompile Include="HelperFacility\NaiveManagedScene.cpp">
      <Filter>HelperFacility</Filter>
    </ClCompile>
    <ClCompile Include="HelperFacility\OrbitCameraController.cpp">
      <Filter>HelperFacility</Filter>
    </ClCompile>
    <ClCompile Include="HelperFacility\DefaultRenderingProcess.cpp">
      <Filter>HelperFacility</Filter>
    </ClCompile>
    <ClCompile Include="Resource\LocalResourceLoader.cpp">
      <Filter>Resource</Filter>
    </ClCompile>
    <ClCompile Include="Resource\MeshLoader.cpp">
      <Filter>Resource</Filter>
    </ClCompile>
    <ClCompile Include="Resource\ResourceManager.cpp">
      <Filter>Resource</Filter>
    </ClCompile>
    <ClCompile Include="Resource\TextureLoader.cpp">
      <Filter>Resource</Filter>
    </ClCompile>
    <ClCompile Include="Scene\Component.cpp">
      <Filter>Scene</Filter>
    </ClCompile>
    <ClCompile Include="Scene\Scene.cpp">
      <Filter>Scene</Filter>
    </ClCompile>
    <ClCompile Include="Scene\SceneObject.cpp">
      <Filter>Scene</Filter>
    </ClCompile>
    <ClCompile Include="Scene\Transformation.cpp">
      <Filter>Scene</Filter>
    </ClCompile>
    <ClCompile Include="Rendering\Camera.cpp">
      <Filter>Rendering</Filter>
    </ClCompile>
    <ClCompile Include="Rendering\GraphicsBuffer.cpp">
      <Filter>Rendering</Filter>
    </ClCompile>
    <ClCompile Include="Rendering\GraphicsContext.cpp">
      <Filter>Rendering</Filter>
    </ClCompile>
    <ClCompile Include="Rendering\Mesh.cpp">
      <Filter>Rendering</Filter>
    </ClCompile>
    <ClCompile Include="Rendering\Renderable.cpp">
      <Filter>Rendering</Filter>
    </ClCompile>
    <ClCompile Include="Rendering\RenderingEngine.cpp">
      <Filter>Rendering</Filter>
    </ClCompile>
    <ClCompile Include="Rendering\RenderingFactory.cpp">
      <Filter>Rendering</Filter>
    </ClCompile>
    <ClCompile Include="Rendering\RenderingLayout.cpp">
      <Filter>Rendering</Filter>
    </ClCompile>
    <ClCompile Include="Rendering\RenderingPipelineState.cpp">
      <Filter>Rendering</Filter>
    </ClCompile>
    <ClCompile Include="Rendering\RenderingProcess.cpp">
      <Filter>Rendering</Filter>
    </ClCompile>
    <ClCompile Include="Rendering\Sampler.cpp">
      <Filter>Rendering</Filter>
    </ClCompile>
    <ClCompile Include="Rendering\Texture.cpp">
      <Filter>Rendering</Filter>
    </ClCompile>
    <ClCompile Include="Rendering\TextureImage.cpp">
      <Filter>Rendering</Filter>
    </ClCompile>
    <ClCompile Include="Rendering\Viewport.cpp">
      <Filter>Rendering</Filter>
    </ClCompile>
    <ClCompile Include="Rendering\BufferView.cpp">
      <Filter>Rendering</Filter>
    </ClCompile>
    <ClCompile Include="XREX.cpp">
      <Filter>_</Filter>
    </ClCompile>
    <ClCompile Include="Input\InputCenter.cpp">
      <Filter>Input</Filter>
    </ClCompile>
    <ClCompile Include="Input\InputHandler.cpp">
      <Filter>Input</Filter>
    </ClCompile>
    <ClCompile Include="Rendering\GL\GLUtil.cpp">
      <Filter>Rendering\GL</Filter>
    </ClCompile>
    <ClCompile Include="Rendering\WorkLauncher.cpp">
      <Filter>Rendering</Filter>
    </ClCompile>
    <ClCompile Include="Rendering\FrameBuffer.cpp">
      <Filter>Rendering</Filter>
    </ClCompile>
    <ClCompile Include="Rendering\RenderingTechnique.cpp">
      <Filter>Rendering</Filter>
    </ClCompile>
    <ClCompile Include="Rendering\ShaderProgram.cpp">
      <Filter>Rendering</Filter>
    </ClCompile>
    <ClCompile Include="Rendering\Material.cpp">
      <Filter>Rendering</Filter>
    </ClCompile>
    <ClCompile Include="Rendering\ProgramConnector.cpp">
      <Filter>Rendering</Filter>
    </ClCompile>
    <ClCompile Include="Rendering\TechniqueBuilder.cpp">
      <Filter>Rendering</Filter>
    </ClCompile>
    <ClCompile Include="Rendering\SystemTechnique.cpp">
      <Filter>Rendering</Filter>
    </ClCompile>
    <ClCompile Include="Rendering\ShaderProgramInterface.cpp">
      <Filter>Rendering</Filter>
    </ClCompile>
  </ItemGroup>
</Project>